
Microsoft Visual Studio Solution File, Format Version 12.00
# Visual Studio Version 17
VisualStudioVersion = 17.12.35527.113 d17.12
MinimumVisualStudioVersion = 10.0.40219.1
Project("{FAE04EC0-301F-11D3-BF4B-00C04F79EFBC}") = "Windows", "Windows\Windows.csproj", "{E38D8C0D-BCBA-4044-8F70-5F0864F00FDC}"
EndProject
Global
	GlobalSection(SolutionConfigurationPlatforms) = preSolution
		Debug|Any CPU = Debug|Any CPU
		Release|Any CPU = Release|Any CPU
	EndGlobalSection
	GlobalSection(ProjectConfigurationPlatforms) = postSolution
		{E38D8C0D-BCBA-4044-8F70-5F0864F00FDC}.Debug|Any CPU.ActiveCfg = Debug|Any CPU
		{E38D8C0D-BCBA-4044-8F70-5F0864F00FDC}.Debug|Any CPU.Build.0 = Debug|Any CPU
		{E38D8C0D-BCBA-4044-8F70-5F0864F00FDC}.Release|Any CPU.ActiveCfg = Release|Any CPU
		{E38D8C0D-BCBA-4044-8F70-5F0864F00FDC}.Release|Any CPU.Build.0 = Release|Any CPU
	EndGlobalSection
	GlobalSection(SolutionProperties) = preSolution
		HideSolutionNode = FALSE
	EndGlobalSection
EndGlobal
